
Microsoft Visual Studio Solution File, Format Version 12.00
Project("{FAE04EC0-301F-11D3-BF4B-00C04F79EFBC}") = "BackendIPT.API", "BackendIPT.API\BackendIPT.API.csproj", "{8ABB5D97-6438-44B9-9166-7653D5868894}"
EndProject
Project("{FAE04EC0-301F-11D3-BF4B-00C04F79EFBC}") = "BackendIPT.DAL", "BackendIPT.DAL\BackendIPT.DAL.csproj", "{8AAF4F84-A35C-4230-805D-69CDAADE9D6D}"
EndProject
Project("{FAE04EC0-301F-11D3-BF4B-00C04F79EFBC}") = "BackendIPT.BLL", "BackendIPT.BLL\BackendIPT.BLL.csproj", "{C9506272-99F6-4608-B19E-B4C8F1188236}"
EndProject
Global
	GlobalSection(SolutionConfigurationPlatforms) = preSolution
		Debug|Any CPU = Debug|Any CPU
		Release|Any CPU = Release|Any CPU
	EndGlobalSection
	GlobalSection(ProjectConfigurationPlatforms) = postSolution
		{8ABB5D97-6438-44B9-9166-7653D5868894}.Debug|Any CPU.ActiveCfg = Debug|Any CPU
		{8ABB5D97-6438-44B9-9166-7653D5868894}.Debug|Any CPU.Build.0 = Debug|Any CPU
		{8ABB5D97-6438-44B9-9166-7653D5868894}.Release|Any CPU.ActiveCfg = Release|Any CPU
		{8ABB5D97-6438-44B9-9166-7653D5868894}.Release|Any CPU.Build.0 = Release|Any CPU
		{8AAF4F84-A35C-4230-805D-69CDAADE9D6D}.Debug|Any CPU.ActiveCfg = Debug|Any CPU
		{8AAF4F84-A35C-4230-805D-69CDAADE9D6D}.Debug|Any CPU.Build.0 = Debug|Any CPU
		{8AAF4F84-A35C-4230-805D-69CDAADE9D6D}.Release|Any CPU.ActiveCfg = Release|Any CPU
		{8AAF4F84-A35C-4230-805D-69CDAADE9D6D}.Release|Any CPU.Build.0 = Release|Any CPU
		{C9506272-99F6-4608-B19E-B4C8F1188236}.Debug|Any CPU.ActiveCfg = Debug|Any CPU
		{C9506272-99F6-4608-B19E-B4C8F1188236}.Debug|Any CPU.Build.0 = Debug|Any CPU
		{C9506272-99F6-4608-B19E-B4C8F1188236}.Release|Any CPU.ActiveCfg = Release|Any CPU
		{C9506272-99F6-4608-B19E-B4C8F1188236}.Release|Any CPU.Build.0 = Release|Any CPU
	EndGlobalSection
EndGlobal
